Microsoft Visual Studio Solution File, Format Version 12.00
# Visual Studio 15
VisualStudioVersion = 15.0.28307.136
MinimumVisualStudioVersion = 10.0.40219.1
Project("{FAE04EC0-301F-11D3-BF4B-00C04F79EFBC}") = "MultPlatProject.Android", "MultPlatProject.Android\MultPlatProject.Android.csproj", "{9D5C6F68-D45E-4AD4-A5EB-D8F078BD110C}"
EndProject
Project("{FAE04EC0-301F-11D3-BF4B-00C04F79EFBC}") = "MultPlatProject.iOS", "MultPlatProject.iOS\MultPlatProject.iOS.csproj", "{6F95C0F0-946A-426C-8625-A1AC9AF72580}"
EndProject
Project("{9A19103F-16F7-4668-BE54-9A1E7A4F7556}") = "MultPlatProject", "MultPlatProject\MultPlatProject.csproj", "{D31EACC3-018B-48A3-AFB9-279399917B34}"
EndProject
Global
	GlobalSection(SolutionConfigurationPlatforms) = preSolution
		Ad-Hoc|Any CPU = Ad-Hoc|Any CPU
		Ad-Hoc|iPhone = Ad-Hoc|iPhone
		Ad-Hoc|iPhoneSimulator = Ad-Hoc|iPhoneSimulator
		AppStore|Any CPU = AppStore|Any CPU
		AppStore|iPhone = AppStore|iPhone
		AppStore|iPhoneSimulator = AppStore|iPhoneSimulator
		Debug|Any CPU = Debug|Any CPU
		Debug|iPhone = Debug|iPhone
		Debug|iPhoneSimulator = Debug|iPhoneSimulator
		Release|Any CPU = Release|Any CPU
		Release|iPhone = Release|iPhone
		Release|iPhoneSimulator = Release|iPhoneSimulator
	EndGlobalSection
	GlobalSection(ProjectConfigurationPlatforms) = postSolution
		{9D5C6F68-D45E-4AD4-A5EB-D8F078BD110C}.Ad-Hoc|Any CPU.ActiveCfg = Release|Any CPU
		{9D5C6F68-D45E-4AD4-A5EB-D8F078BD110C}.Ad-Hoc|Any CPU.Build.0 = Release|Any CPU
		{9D5C6F68-D45E-4AD4-A5EB-D8F078BD110C}.Ad-Hoc|Any CPU.Deploy.0 = Release|Any CPU
		{9D5C6F68-D45E-4AD4-A5EB-D8F078BD110C}.Ad-Hoc|iPhone.ActiveCfg = Debug|Any CPU
		{9D5C6F68-D45E-4AD4-A5EB-D8F078BD110C}.Ad-Hoc|iPhone.Build.0 = Debug|Any CPU
		{9D5C6F68-D45E-4AD4-A5EB-D8F078BD110C}.Ad-Hoc|iPhoneSimulator.ActiveCfg = Release|Any CPU
		{9D5C6F68-D45E-4AD4-A5EB-D8F078BD110C}.Ad-Hoc|iPhoneSimulator.Build.0 = Release|Any CPU
		{9D5C6F68-D45E-4AD4-A5EB-D8F078BD110C}.Ad-Hoc|iPhoneSimulator.Deploy.0 = Release|Any CPU
		{9D5C6F68-D45E-4AD4-A5EB-D8F078BD110C}.AppStore|Any CPU.ActiveCfg = Release|Any CPU
		{9D5C6F68-D45E-4AD4-A5EB-D8F078BD110C}.AppStore|Any CPU.Build.0 = Release|Any CPU
		{9D5C6F68-D45E-4AD4-A5EB-D8F078BD110C}.AppStore|Any CPU.Deploy.0 = Release|Any CPU
		{9D5C6F68-D45E-4AD4-A5EB-D8F078BD110C}.AppStore|iPhone.ActiveCfg = Debug|Any CPU
		{9D5C6F68-D45E-4AD4-A5EB-D8F078BD110C}.AppStore|iPhone.Build.0 = Debug|Any CPU
		{9D5C6F68-D45E-4AD4-A5EB-D8F078BD110C}.AppStore|iPhoneSimulator.ActiveCfg = Release|Any CPU
		{9D5C6F68-D45E-4AD4-A5EB-D8F078BD110C}.AppStore|iPhoneSimulator.Build.0 = Release|Any CPU
		{9D5C6F68-D45E-4AD4-A5EB-D8F078BD110C}.AppStore|iPhoneSimulator.Deploy.0 = Release|Any CPU
		{9D5C6F68-D45E-4AD4-A5EB-D8F078BD110C}.Debug|Any CPU.ActiveCfg = Debug|Any CPU
		{9D5C6F68-D45E-4AD4-A5EB-D8F078BD110C}.Debug|Any CPU.Build.0 = Debug|Any CPU
		{9D5C6F68-D45E-4AD4-A5EB-D8F078BD110C}.Debug|Any CPU.Deploy.0 = Debug|Any CPU
		{9D5C6F68-D45E-4AD4-A5EB-D8F078BD110C}.Debug|iPhone.ActiveCfg = Debug|Any CPU
		{9D5C6F68-D45E-4AD4-A5EB-D8F078BD110C}.Debug|iPhone.Build.0 = Debug|Any CPU
		{9D5C6F68-D45E-4AD4-A5EB-D8F078BD110C}.Debug|iPhoneSimulator.ActiveCfg = Debug|Any CPU
		{9D5C6F68-D45E-4AD4-A5EB-D8F078BD110C}.Debug|iPhoneSimulator.Build.0 = Debug|Any CPU
		{9D5C6F68-D45E-4AD4-A5EB-D8F078BD110C}.Release|Any CPU.ActiveCfg = Release|Any CPU
		{9D5C6F68-D45E-4AD4-A5EB-D8F078BD110C}.Release|Any CPU.Build.0 = Release|Any CPU
		{9D5C6F68-D45E-4AD4-A5EB-D8F078BD110C}.Release|iPhone.ActiveCfg = Release|Any CPU
		{9D5C6F68-D45E-4AD4-A5EB-D8F078BD110C}.Release|iPhone.Build.0 = Release|Any CPU
		{9D5C6F68-D45E-4AD4-A5EB-D8F078BD110C}.Release|iPhoneSimulator.ActiveCfg = Release|Any CPU
		{9D5C6F68-D45E-4AD4-A5EB-D8F078BD110C}.Release|iPhoneSimulator.Build.0 = Release|Any CPU
		{6F95C0F0-946A-426C-8625-A1AC9AF72580}.Ad-Hoc|Any CPU.ActiveCfg = Ad-Hoc|iPhoneSimulator
		{6F95C0F0-946A-426C-8625-A1AC9AF72580}.Ad-Hoc|iPhone.ActiveCfg = Ad-Hoc|iPhone
		{6F95C0F0-946A-426C-8625-A1AC9AF72580}.Ad-Hoc|iPhone.Build.0 = Ad-Hoc|iPhone
		{6F95C0F0-946A-426C-8625-A1AC9AF72580}.Ad-Hoc|iPhoneSimulator.ActiveCfg = Ad-Hoc|iPhoneSimulator
		{6F95C0F0-946A-426C-8625-A1AC9AF72580}.Ad-Hoc|iPhoneSimulator.Build.0 = Ad-Hoc|iPhoneSimulator
		{6F95C0F0-946A-426C-8625-A1AC9AF72580}.AppStore|Any CPU.ActiveCfg = AppStore|iPhoneSimulator
		{6F95C0F0-946A-426C-8625-A1AC9AF72580}.AppStore|iPhone.ActiveCfg = AppStore|iPhone
		{6F95C0F0-946A-426C-8625-A1AC9AF72580}.AppStore|iPhone.Build.0 = AppStore|iPhone
		{6F95C0F0-946A-426C-8625-A1AC9AF72580}.AppStore|iPhoneSimulator.ActiveCfg = AppStore|iPhoneSimulator
		{6F95C0F0-946A-426C-8625-A1AC9AF72580}.AppStore|iPhoneSimulator.Build.0 = AppStore|iPhoneSimulator
		{6F95C0F0-946A-426C-8625-A1AC9AF72580}.Debug|Any CPU.ActiveCfg = Debug|iPhoneSimulator
		{6F95C0F0-946A-426C-8625-A1AC9AF72580}.Debug|iPhone.ActiveCfg = Debug|iPhone
		{6F95C0F0-946A-426C-8625-A1AC9AF72580}.Debug|iPhone.Build.0 = Debug|iPhone
		{6F95C0F0-946A-426C-8625-A1AC9AF72580}.Debug|iPhoneSimulator.ActiveCfg = Debug|iPhoneSimulator
		{6F95C0F0-946A-426C-8625-A1AC9AF72580}.Debug|iPhoneSimulator.Build.0 = Debug|iPhoneSimulator
		{6F95C0F0-946A-426C-8625-A1AC9AF72580}.Release|Any CPU.ActiveCfg = Release|iPhoneSimulator
		{6F95C0F0-946A-426C-8625-A1AC9AF72580}.Release|Any CPU.Build.0 = Release|iPhoneSimulator
		{6F95C0F0-946A-426C-8625-A1AC9AF72580}.Release|iPhone.ActiveCfg = Release|iPhone
		{6F95C0F0-946A-426C-8625-A1AC9AF72580}.Release|iPhone.Build.0 = Release|iPhone
		{6F95C0F0-946A-426C-8625-A1AC9AF72580}.Release|iPhoneSimulator.ActiveCfg = Release|iPhoneSimulator
		{6F95C0F0-946A-426C-8625-A1AC9AF72580}.Release|iPhoneSimulator.Build.0 = Release|iPhoneSimulator
		{D31EACC3-018B-48A3-AFB9-279399917B34}.Ad-Hoc|Any CPU.ActiveCfg = Release|Any CPU
		{D31EACC3-018B-48A3-AFB9-279399917B34}.Ad-Hoc|Any CPU.Build.0 = Release|Any CPU
		{D31EACC3-018B-48A3-AFB9-279399917B34}.Ad-Hoc|iPhone.ActiveCfg = Debug|Any CPU
		{D31EACC3-018B-48A3-AFB9-279399917B34}.Ad-Hoc|iPhone.Build.0 = Debug|Any CPU
		{D31EACC3-018B-48A3-AFB9-279399917B34}.Ad-Hoc|iPhoneSimulator.ActiveCfg = Release|Any CPU
		{D31EACC3-018B-48A3-AFB9-279399917B34}.Ad-Hoc|iPhoneSimulator.Build.0 = Release|Any CPU
		{D31EACC3-018B-48A3-AFB9-279399917B34}.AppStore|Any CPU.ActiveCfg = Release|Any CPU
		{D31EACC3-018B-48A3-AFB9-279399917B34}.AppStore|Any CPU.Build.0 = Release|Any CPU
		{D31EACC3-018B-48A3-AFB9-279399917B34}.AppStore|iPhone.ActiveCfg = Debug|Any CPU
		{D31EACC3-018B-48A3-AFB9-279399917B34}.AppStore|iPhone.Build.0 = Debug|Any CPU
		{D31EACC3-018B-48A3-AFB9-279399917B34}.AppStore|iPhoneSimulator.ActiveCfg = Release|Any CPU
		{D31EACC3-018B-48A3-AFB9-279399917B34}.AppStore|iPhoneSimulator.Build.0 = Release|Any CPU
		{D31EACC3-018B-48A3-AFB9-279399917B34}.Debug|Any CPU.ActiveCfg = Debug|Any CPU
		{D31EACC3-018B-48A3-AFB9-279399917B34}.Debug|Any CPU.Build.0 = Debug|Any CPU
		{D31EACC3-018B-48A3-AFB9-279399917B34}.Debug|iPhone.ActiveCfg = Debug|Any CPU
		{D31EACC3-018B-48A3-AFB9-279399917B34}.Debug|iPhone.Build.0 = Debug|Any CPU
		{D31EACC3-018B-48A3-AFB9-279399917B34}.Debug|iPhoneSimulator.ActiveCfg = Debug|Any CPU
		{D31EACC3-018B-48A3-AFB9-279399917B34}.Debug|iPhoneSimulator.Build.0 = Debug|Any CPU
		{D31EACC3-018B-48A3-AFB9-279399917B34}.Release|Any CPU.ActiveCfg = Release|Any CPU
		{D31EACC3-018B-48A3-AFB9-279399917B34}.Release|Any CPU.Build.0 = Release|Any CPU
		{D31EACC3-018B-48A3-AFB9-279399917B34}.Release|iPhone.ActiveCfg = Release|Any CPU
		{D31EACC3-018B-48A3-AFB9-279399917B34}.Release|iPhone.Build.0 = Release|Any CPU
		{D31EACC3-018B-48A3-AFB9-279399917B34}.Release|iPhoneSimulator.ActiveCfg = Release|Any CPU
		{D31EACC3-018B-48A3-AFB9-279399917B34}.Release|iPhoneSimulator.Build.0 = Release|Any CPU
	EndGlobalSection
	GlobalSection(SolutionProperties) = preSolution
		HideSolutionNode = FALSE
	EndGlobalSection
	GlobalSection(ExtensibilityGlobals) = postSolution
		SolutionGuid = {9BDE4D2E-D3B7-4293-A3A8-7EDA119A63B0}
	EndGlobalSection
EndGlobal
